
Microsoft Visual Studio Solution File, Format Version 12.00
# Visual Studio 15
VisualStudioVersion = 15.0.26124.0
MinimumVisualStudioVersion = 15.0.26124.0
Project("{FAE04EC0-301F-11D3-BF4B-00C04F79EFBC}") = "Crud.Api", "Crud.Api\Crud.Api.csproj", "{2C1E94F3-A087-4865-8072-49DB7E10155E}"
EndProject
Project("{FAE04EC0-301F-11D3-BF4B-00C04F79EFBC}") = "Crud.Application", "Crud.Application\Crud.Application.csproj", "{334FDEA7-8F4B-43E8-808F-4A2A67084BCD}"
EndProject
Project("{FAE04EC0-301F-11D3-BF4B-00C04F79EFBC}") = "Crud.Domain", "Crud.Domain\Crud.Domain.csproj", "{409698EF-301C-4ADD-AA73-34929FB63154}"
EndProject
Project("{FAE04EC0-301F-11D3-BF4B-00C04F79EFBC}") = "Crud.Dto", "Crud.Dto\Crud.Dto.csproj", "{54D1F574-CE54-49EC-80FB-BD5A52C61B2F}"
EndProject
Project("{FAE04EC0-301F-11D3-BF4B-00C04F79EFBC}") = "Crud.Infrastructure", "Crud.Infrastructure\Crud.Infrastructure.csproj", "{A3DBB0F5-E1ED-4C56-8DDE-606B26E1F933}"
EndProject
Global
	GlobalSection(SolutionConfigurationPlatforms) = preSolution
		Debug|Any CPU = Debug|Any CPU
		Debug|x64 = Debug|x64
		Debug|x86 = Debug|x86
		Release|Any CPU = Release|Any CPU
		Release|x64 = Release|x64
		Release|x86 = Release|x86
	EndGlobalSection
	GlobalSection(SolutionProperties) = preSolution
		HideSolutionNode = FALSE
	EndGlobalSection
	GlobalSection(ProjectConfigurationPlatforms) = postSolution
		{2C1E94F3-A087-4865-8072-49DB7E10155E}.Debug|Any CPU.ActiveCfg = Debug|Any CPU
		{2C1E94F3-A087-4865-8072-49DB7E10155E}.Debug|Any CPU.Build.0 = Debug|Any CPU
		{2C1E94F3-A087-4865-8072-49DB7E10155E}.Debug|x64.ActiveCfg = Debug|Any CPU
		{2C1E94F3-A087-4865-8072-49DB7E10155E}.Debug|x64.Build.0 = Debug|Any CPU
		{2C1E94F3-A087-4865-8072-49DB7E10155E}.Debug|x86.ActiveCfg = Debug|Any CPU
		{2C1E94F3-A087-4865-8072-49DB7E10155E}.Debug|x86.Build.0 = Debug|Any CPU
		{2C1E94F3-A087-4865-8072-49DB7E10155E}.Release|Any CPU.ActiveCfg = Release|Any CPU
		{2C1E94F3-A087-4865-8072-49DB7E10155E}.Release|Any CPU.Build.0 = Release|Any CPU
		{2C1E94F3-A087-4865-8072-49DB7E10155E}.Release|x64.ActiveCfg = Release|Any CPU
		{2C1E94F3-A087-4865-8072-49DB7E10155E}.Release|x64.Build.0 = Release|Any CPU
		{2C1E94F3-A087-4865-8072-49DB7E10155E}.Release|x86.ActiveCfg = Release|Any CPU
		{2C1E94F3-A087-4865-8072-49DB7E10155E}.Release|x86.Build.0 = Release|Any CPU
		{334FDEA7-8F4B-43E8-808F-4A2A67084BCD}.Debug|Any CPU.ActiveCfg = Debug|Any CPU
		{334FDEA7-8F4B-43E8-808F-4A2A67084BCD}.Debug|Any CPU.Build.0 = Debug|Any CPU
		{334FDEA7-8F4B-43E8-808F-4A2A67084BCD}.Debug|x64.ActiveCfg = Debug|Any CPU
		{334FDEA7-8F4B-43E8-808F-4A2A67084BCD}.Debug|x64.Build.0 = Debug|Any CPU
		{334FDEA7-8F4B-43E8-808F-4A2A67084BCD}.Debug|x86.ActiveCfg = Debug|Any CPU
		{334FDEA7-8F4B-43E8-808F-4A2A67084BCD}.Debug|x86.Build.0 = Debug|Any CPU
		{334FDEA7-8F4B-43E8-808F-4A2A67084BCD}.Release|Any CPU.ActiveCfg = Release|Any CPU
		{334FDEA7-8F4B-43E8-808F-4A2A67084BCD}.Release|Any CPU.Build.0 = Release|Any CPU
		{334FDEA7-8F4B-43E8-808F-4A2A67084BCD}.Release|x64.ActiveCfg = Release|Any CPU
		{334FDEA7-8F4B-43E8-808F-4A2A67084BCD}.Release|x64.Build.0 = Release|Any CPU
		{334FDEA7-8F4B-43E8-808F-4A2A67084BCD}.Release|x86.ActiveCfg = Release|Any CPU
		{334FDEA7-8F4B-43E8-808F-4A2A67084BCD}.Release|x86.Build.0 = Release|Any CPU
		{409698EF-301C-4ADD-AA73-34929FB63154}.Debug|Any CPU.ActiveCfg = Debug|Any CPU
		{409698EF-301C-4ADD-AA73-34929FB63154}.Debug|Any CPU.Build.0 = Debug|Any CPU
		{409698EF-301C-4ADD-AA73-34929FB63154}.Debug|x64.ActiveCfg = Debug|Any CPU
		{409698EF-301C-4ADD-AA73-34929FB63154}.Debug|x64.Build.0 = Debug|Any CPU
		{409698EF-301C-4ADD-AA73-34929FB63154}.Debug|x86.ActiveCfg = Debug|Any CPU
		{409698EF-301C-4ADD-AA73-34929FB63154}.Debug|x86.Build.0 = Debug|Any CPU
		{409698EF-301C-4ADD-AA73-34929FB63154}.Release|Any CPU.ActiveCfg = Release|Any CPU
		{409698EF-301C-4ADD-AA73-34929FB63154}.Release|Any CPU.Build.0 = Release|Any CPU
		{409698EF-301C-4ADD-AA73-34929FB63154}.Release|x64.ActiveCfg = Release|Any CPU
		{409698EF-301C-4ADD-AA73-34929FB63154}.Release|x64.Build.0 = Release|Any CPU
		{409698EF-301C-4ADD-AA73-34929FB63154}.Release|x86.ActiveCfg = Release|Any CPU
		{409698EF-301C-4ADD-AA73-34929FB63154}.Release|x86.Build.0 = Release|Any CPU
		{54D1F574-CE54-49EC-80FB-BD5A52C61B2F}.Debug|Any CPU.ActiveCfg = Debug|Any CPU
		{54D1F574-CE54-49EC-80FB-BD5A52C61B2F}.Debug|Any CPU.Build.0 = Debug|Any CPU
		{54D1F574-CE54-49EC-80FB-BD5A52C61B2F}.Debug|x64.ActiveCfg = Debug|Any CPU
		{54D1F574-CE54-49EC-80FB-BD5A52C61B2F}.Debug|x64.Build.0 = Debug|Any CPU
		{54D1F574-CE54-49EC-80FB-BD5A52C61B2F}.Debug|x86.ActiveCfg = Debug|Any CPU
		{54D1F574-CE54-49EC-80FB-BD5A52C61B2F}.Debug|x86.Build.0 = Debug|Any CPU
		{54D1F574-CE54-49EC-80FB-BD5A52C61B2F}.Release|Any CPU.ActiveCfg = Release|Any CPU
		{54D1F574-CE54-49EC-80FB-BD5A52C61B2F}.Release|Any CPU.Build.0 = Release|Any CPU
		{54D1F574-CE54-49EC-80FB-BD5A52C61B2F}.Release|x64.ActiveCfg = Release|Any CPU
		{54D1F574-CE54-49EC-80FB-BD5A52C61B2F}.Release|x64.Build.0 = Release|Any CPU
		{54D1F574-CE54-49EC-80FB-BD5A52C61B2F}.Release|x86.ActiveCfg = Release|Any CPU
		{54D1F574-CE54-49EC-80FB-BD5A52C61B2F}.Release|x86.Build.0 = Release|Any CPU
		{A3DBB0F5-E1ED-4C56-8DDE-606B26E1F933}.Debug|Any CPU.ActiveCfg = Debug|Any CPU
		{A3DBB0F5-E1ED-4C56-8DDE-606B26E1F933}.Debug|Any CPU.Build.0 = Debug|Any CPU
		{A3DBB0F5-E1ED-4C56-8DDE-606B26E1F933}.Debug|x64.ActiveCfg = Debug|Any CPU
		{A3DBB0F5-E1ED-4C56-8DDE-606B26E1F933}.Debug|x64.Build.0 = Debug|Any CPU
		{A3DBB0F5-E1ED-4C56-8DDE-606B26E1F933}.Debug|x86.ActiveCfg = Debug|Any CPU
		{A3DBB0F5-E1ED-4C56-8DDE-606B26E1F933}.Debug|x86.Build.0 = Debug|Any CPU
		{A3DBB0F5-E1ED-4C56-8DDE-606B26E1F933}.Release|Any CPU.ActiveCfg = Release|Any CPU
		{A3DBB0F5-E1ED-4C56-8DDE-606B26E1F933}.Release|Any CPU.Build.0 = Release|Any CPU
		{A3DBB0F5-E1ED-4C56-8DDE-606B26E1F933}.Release|x64.ActiveCfg = Release|Any CPU
		{A3DBB0F5-E1ED-4C56-8DDE-606B26E1F933}.Release|x64.Build.0 = Release|Any CPU
		{A3DBB0F5-E1ED-4C56-8DDE-606B26E1F933}.Release|x86.ActiveCfg = Release|Any CPU
		{A3DBB0F5-E1ED-4C56-8DDE-606B26E1F933}.Release|x86.Build.0 = Release|Any CPU
	EndGlobalSection
EndGlobal
